
Microsoft Visual Studio Solution File, Format Version 12.00
# Visual Studio Version 17
VisualStudioVersion = 17.10.34928.147
MinimumVisualStudioVersion = 10.0.40219.1
Project("{FAE04EC0-301F-11D3-BF4B-00C04F79EFBC}") = "Exercise5_Garage", "Exercise5_Garage.csproj", "{7F9644C1-5E01-4407-AB61-4F5CA79D13FE}"
EndProject
Project("{FAE04EC0-301F-11D3-BF4B-00C04F79EFBC}") = "Garage.Tester", "Garage.Tester\Garage.Tester.csproj", "{72B8DA58-E106-45F0-8C92-3C80DAC0780C}"
EndProject
Global
	GlobalSection(SolutionConfigurationPlatforms) = preSolution
		Debug|Any CPU = Debug|Any CPU
		Release|Any CPU = Release|Any CPU
	EndGlobalSection
	GlobalSection(ProjectConfigurationPlatforms) = postSolution
		{7F9644C1-5E01-4407-AB61-4F5CA79D13FE}.Debug|Any CPU.ActiveCfg = Debug|Any CPU
		{7F9644C1-5E01-4407-AB61-4F5CA79D13FE}.Debug|Any CPU.Build.0 = Debug|Any CPU
		{7F9644C1-5E01-4407-AB61-4F5CA79D13FE}.Release|Any CPU.ActiveCfg = Release|Any CPU
		{7F9644C1-5E01-4407-AB61-4F5CA79D13FE}.Release|Any CPU.Build.0 = Release|Any CPU
		{72B8DA58-E106-45F0-8C92-3C80DAC0780C}.Debug|Any CPU.ActiveCfg = Debug|Any CPU
		{72B8DA58-E106-45F0-8C92-3C80DAC0780C}.Debug|Any CPU.Build.0 = Debug|Any CPU
		{72B8DA58-E106-45F0-8C92-3C80DAC0780C}.Release|Any CPU.ActiveCfg = Release|Any CPU
		{72B8DA58-E106-45F0-8C92-3C80DAC0780C}.Release|Any CPU.Build.0 = Release|Any CPU
	EndGlobalSection
	GlobalSection(SolutionProperties) = preSolution
		HideSolutionNode = FALSE
	EndGlobalSection
	GlobalSection(ExtensibilityGlobals) = postSolution
		SolutionGuid = {D5A66DB4-52B6-49FE-A722-215C1553A503}
	EndGlobalSection
EndGlobal
